
Microsoft Visual Studio Solution File, Format Version 12.00
# Visual Studio Version 16
VisualStudioVersion = 16.0.28803.352
MinimumVisualStudioVersion = 10.0.40219.1
Project("{F184B08F-C81C-45F6-A57F-5ABD9991F28F}") = "DEA Validate VB", "DEA Verify VB\DEA Validate VB.vbproj", "{FF964785-A841-4C77-8F1F-892A7F042DFF}"
EndProject
Global
	GlobalSection(SolutionConfigurationPlatforms) = preSolution
		Debug|Any CPU = Debug|Any CPU
		Release|Any CPU = Release|Any CPU
	EndGlobalSection
	GlobalSection(ProjectConfigurationPlatforms) = postSolution
		{FF964785-A841-4C77-8F1F-892A7F042DFF}.Debug|Any CPU.ActiveCfg = Debug|Any CPU
		{FF964785-A841-4C77-8F1F-892A7F042DFF}.Debug|Any CPU.Build.0 = Debug|Any CPU
		{FF964785-A841-4C77-8F1F-892A7F042DFF}.Release|Any CPU.ActiveCfg = Release|Any CPU
		{FF964785-A841-4C77-8F1F-892A7F042DFF}.Release|Any CPU.Build.0 = Release|Any CPU
	EndGlobalSection
	GlobalSection(SolutionProperties) = preSolution
		HideSolutionNode = FALSE
	EndGlobalSection
	GlobalSection(ExtensibilityGlobals) = postSolution
		SolutionGuid = {B7DE2E0B-0FBE-48D4-B887-1D54FD6794A3}
	EndGlobalSection
EndGlobal
